
Microsoft Visual Studio Solution File, Format Version 12.00
# Visual Studio 15
VisualStudioVersion = 15.0.27703.2035
MinimumVisualStudioVersion = 10.0.40219.1
Project("{FAE04EC0-301F-11D3-BF4B-00C04F79EFBC}") = "GM2Explorer", "GM2Explorer\GM2Explorer.csproj", "{AA831F3F-6FFF-41F9-9F4D-58C4FD83A647}"
EndProject
Global
	GlobalSection(SolutionConfigurationPlatforms) = preSolution
		Debug|Any CPU = Debug|Any CPU
		Release|Any CPU = Release|Any CPU
	EndGlobalSection
	GlobalSection(ProjectConfigurationPlatforms) = postSolution
		{AA831F3F-6FFF-41F9-9F4D-58C4FD83A647}.Debug|Any CPU.ActiveCfg = Debug|Any CPU
		{AA831F3F-6FFF-41F9-9F4D-58C4FD83A647}.Debug|Any CPU.Build.0 = Debug|Any CPU
		{AA831F3F-6FFF-41F9-9F4D-58C4FD83A647}.Release|Any CPU.ActiveCfg = Release|Any CPU
		{AA831F3F-6FFF-41F9-9F4D-58C4FD83A647}.Release|Any CPU.Build.0 = Release|Any CPU
	EndGlobalSection
	GlobalSection(SolutionProperties) = preSolution
		HideSolutionNode = FALSE
	EndGlobalSection
	GlobalSection(ExtensibilityGlobals) = postSolution
		SolutionGuid = {1C50A5E3-F269-4BBE-9B62-D754D2FD8785}
	EndGlobalSection
EndGlobal
